
Microsoft Visual Studio Solution File, Format Version 12.00
# Visual Studio 15
VisualStudioVersion = 15.0.28010.2046
MinimumVisualStudioVersion = 10.0.40219.1
Project("{FAE04EC0-301F-11D3-BF4B-00C04F79EFBC}") = "VariablesAndDataTypes", "VariablesAndDataTypes\VariablesAndDataTypes.csproj", "{EC563270-15EF-4C4F-B1B4-0734F955D710}"
EndProject
Project("{FAE04EC0-301F-11D3-BF4B-00C04F79EFBC}") = "MathAndComparisonOperators", "MathAndComparisonOperators\MathAndComparisonOperators.csproj", "{6094594E-CF3B-4B76-90AD-086329D0DBC8}"
EndProject
Project("{FAE04EC0-301F-11D3-BF4B-00C04F79EFBC}") = "ExerciseP34", "ExerciseP34\ExerciseP34.csproj", "{5C1AFED9-767A-476E-8FEC-1D8FC6CCF13A}"
EndProject
Project("{FAE04EC0-301F-11D3-BF4B-00C04F79EFBC}") = "ExerciseP57", "ExerciseP57\ExerciseP57.csproj", "{1B56CE14-B867-4CCF-A953-06537823C05F}"
EndProject
Project("{FAE04EC0-301F-11D3-BF4B-00C04F79EFBC}") = "ExerciseP66", "ExerciseP66\ExerciseP66.csproj", "{E3B6D172-FFE5-4B07-AE48-649B74E1BA24}"
EndProject
Project("{FAE04EC0-301F-11D3-BF4B-00C04F79EFBC}") = "ExerciseP67", "ExerciseP67\ExerciseP67.csproj", "{5D625A99-D62B-4346-8060-7AB542E76846}"
EndProject
Project("{FAE04EC0-301F-11D3-BF4B-00C04F79EFBC}") = "BooleanLogic", "BooleanLogic\BooleanLogic.csproj", "{3DB9C6D9-4C2D-41D8-8D71-60FF8CF36713}"
EndProject
Project("{FAE04EC0-301F-11D3-BF4B-00C04F79EFBC}") = "ExerciseP75", "ExerciseP75\ExerciseP75.csproj", "{CC5C3139-853E-48F8-94D9-A7D4B913530E}"
EndProject
Project("{FAE04EC0-301F-11D3-BF4B-00C04F79EFBC}") = "Branching", "Branching\Branching.csproj", "{F6C6439E-0AD2-492A-97D9-AAEE1E1C8A77}"
EndProject
Project("{FAE04EC0-301F-11D3-BF4B-00C04F79EFBC}") = "ExerciseP92", "ExerciseP92\ExerciseP92.csproj", "{29DC89D7-1F7D-4D4A-A0AF-466AB8A4902F}"
EndProject
Project("{FAE04EC0-301F-11D3-BF4B-00C04F79EFBC}") = "Loops", "Loops\Loops.csproj", "{EEC4B144-A0D0-4CBA-A339-DFF46834734B}"
EndProject
Project("{FAE04EC0-301F-11D3-BF4B-00C04F79EFBC}") = "ExerciseP94", "ExerciseP94\ExerciseP94.csproj", "{9F54171B-25B8-4C20-BE3C-D9F18A7B3DE2}"
EndProject
Project("{FAE04EC0-301F-11D3-BF4B-00C04F79EFBC}") = "StringFunctions", "StringFunctions\StringFunctions.csproj", "{1A50A4CB-85A4-48B0-B0A2-9446F6EFF46C}"
EndProject
Project("{FAE04EC0-301F-11D3-BF4B-00C04F79EFBC}") = "ExerciseP97", "ExerciseP97\ExerciseP97.csproj", "{B1CF7769-202D-4937-AE0A-D8BD946E8D1B}"
EndProject
Project("{FAE04EC0-301F-11D3-BF4B-00C04F79EFBC}") = "ArraysAndLists", "ArraysAndLists\ArraysAndLists.csproj", "{A50E4B86-DB3D-466A-BB95-D9A4D8AD3930}"
EndProject
Project("{FAE04EC0-301F-11D3-BF4B-00C04F79EFBC}") = "ExerciseP100", "ExerciseP100\ExerciseP100.csproj", "{38709401-8B6F-42C6-9C20-F130DF0748F4}"
EndProject
Project("{FAE04EC0-301F-11D3-BF4B-00C04F79EFBC}") = "Iteration", "Iteration\Iteration.csproj", "{76FE093A-3FBF-4E9D-A12A-572189FD9417}"
EndProject
Project("{FAE04EC0-301F-11D3-BF4B-00C04F79EFBC}") = "ExerciseP103", "ExerciseP103\ExerciseP103.csproj", "{320A8099-299A-4596-B2CE-46F89584D0F8}"
EndProject
Project("{FAE04EC0-301F-11D3-BF4B-00C04F79EFBC}") = "ExceptionHandling", "ExceptionHandling\ExceptionHandling.csproj", "{F58EA7FF-A46B-4023-A740-09D8A6179BFF}"
EndProject
Project("{FAE04EC0-301F-11D3-BF4B-00C04F79EFBC}") = "ExerciseP106", "ExerciseP106\ExerciseP106.csproj", "{1230BF18-F3F1-476E-8264-1E2645D831D7}"
EndProject
Project("{FAE04EC0-301F-11D3-BF4B-00C04F79EFBC}") = "ExerciseP111", "ExerciseP111\ExerciseP111.csproj", "{345F93E3-5D48-4CD4-B6B0-53D4646DCB7C}"
EndProject
Project("{FAE04EC0-301F-11D3-BF4B-00C04F79EFBC}") = "ExerciseP113", "ExerciseP113\ExerciseP113.csproj", "{3764802F-67E2-4991-9FF5-EFD7B38EAEF3}"
EndProject
Project("{FAE04EC0-301F-11D3-BF4B-00C04F79EFBC}") = "ExerciseP114", "ExerciseP114\ExerciseP114.csproj", "{A6E86467-9B59-46BA-B8BD-81AB8F248904}"
EndProject
Project("{FAE04EC0-301F-11D3-BF4B-00C04F79EFBC}") = "ExerciseP115", "ExerciseP115\ExerciseP115.csproj", "{765ECED1-252C-42EE-A80C-CC316E532431}"
EndProject
Project("{FAE04EC0-301F-11D3-BF4B-00C04F79EFBC}") = "ExerciseP117", "ExerciseP117\ExerciseP117.csproj", "{B2F33B72-841B-43EC-9DDE-C3D81178E193}"
EndProject
Project("{FAE04EC0-301F-11D3-BF4B-00C04F79EFBC}") = "ExerciseP120", "ExerciseP120\ExerciseP120.csproj", "{770D125E-8B52-4F7E-AD03-E7DF8E1C4657}"
EndProject
Global
	GlobalSection(SolutionConfigurationPlatforms) = preSolution
		Debug|Any CPU = Debug|Any CPU
		Release|Any CPU = Release|Any CPU
	EndGlobalSection
	GlobalSection(ProjectConfigurationPlatforms) = postSolution
		{EC563270-15EF-4C4F-B1B4-0734F955D710}.Debug|Any CPU.ActiveCfg = Debug|Any CPU
		{EC563270-15EF-4C4F-B1B4-0734F955D710}.Debug|Any CPU.Build.0 = Debug|Any CPU
		{EC563270-15EF-4C4F-B1B4-0734F955D710}.Release|Any CPU.ActiveCfg = Release|Any CPU
		{EC563270-15EF-4C4F-B1B4-0734F955D710}.Release|Any CPU.Build.0 = Release|Any CPU
		{6094594E-CF3B-4B76-90AD-086329D0DBC8}.Debug|Any CPU.ActiveCfg = Debug|Any CPU
		{6094594E-CF3B-4B76-90AD-086329D0DBC8}.Debug|Any CPU.Build.0 = Debug|Any CPU
		{6094594E-CF3B-4B76-90AD-086329D0DBC8}.Release|Any CPU.ActiveCfg = Release|Any CPU
		{6094594E-CF3B-4B76-90AD-086329D0DBC8}.Release|Any CPU.Build.0 = Release|Any CPU
		{5C1AFED9-767A-476E-8FEC-1D8FC6CCF13A}.Debug|Any CPU.ActiveCfg = Debug|Any CPU
		{5C1AFED9-767A-476E-8FEC-1D8FC6CCF13A}.Debug|Any CPU.Build.0 = Debug|Any CPU
		{5C1AFED9-767A-476E-8FEC-1D8FC6CCF13A}.Release|Any CPU.ActiveCfg = Release|Any CPU
		{5C1AFED9-767A-476E-8FEC-1D8FC6CCF13A}.Release|Any CPU.Build.0 = Release|Any CPU
		{1B56CE14-B867-4CCF-A953-06537823C05F}.Debug|Any CPU.ActiveCfg = Debug|Any CPU
		{1B56CE14-B867-4CCF-A953-06537823C05F}.Debug|Any CPU.Build.0 = Debug|Any CPU
		{1B56CE14-B867-4CCF-A953-06537823C05F}.Release|Any CPU.ActiveCfg = Release|Any CPU
		{1B56CE14-B867-4CCF-A953-06537823C05F}.Release|Any CPU.Build.0 = Release|Any CPU
		{E3B6D172-FFE5-4B07-AE48-649B74E1BA24}.Debug|Any CPU.ActiveCfg = Debug|Any CPU
		{E3B6D172-FFE5-4B07-AE48-649B74E1BA24}.Debug|Any CPU.Build.0 = Debug|Any CPU
		{E3B6D172-FFE5-4B07-AE48-649B74E1BA24}.Release|Any CPU.ActiveCfg = Release|Any CPU
		{E3B6D172-FFE5-4B07-AE48-649B74E1BA24}.Release|Any CPU.Build.0 = Release|Any CPU
		{5D625A99-D62B-4346-8060-7AB542E76846}.Debug|Any CPU.ActiveCfg = Debug|Any CPU
		{5D625A99-D62B-4346-8060-7AB542E76846}.Debug|Any CPU.Build.0 = Debug|Any CPU
		{5D625A99-D62B-4346-8060-7AB542E76846}.Release|Any CPU.ActiveCfg = Release|Any CPU
		{5D625A99-D62B-4346-8060-7AB542E76846}.Release|Any CPU.Build.0 = Release|Any CPU
		{3DB9C6D9-4C2D-41D8-8D71-60FF8CF36713}.Debug|Any CPU.ActiveCfg = Debug|Any CPU
		{3DB9C6D9-4C2D-41D8-8D71-60FF8CF36713}.Debug|Any CPU.Build.0 = Debug|Any CPU
		{3DB9C6D9-4C2D-41D8-8D71-60FF8CF36713}.Release|Any CPU.ActiveCfg = Release|Any CPU
		{3DB9C6D9-4C2D-41D8-8D71-60FF8CF36713}.Release|Any CPU.Build.0 = Release|Any CPU
		{CC5C3139-853E-48F8-94D9-A7D4B913530E}.Debug|Any CPU.ActiveCfg = Debug|Any CPU
		{CC5C3139-853E-48F8-94D9-A7D4B913530E}.Debug|Any CPU.Build.0 = Debug|Any CPU
		{CC5C3139-853E-48F8-94D9-A7D4B913530E}.Release|Any CPU.ActiveCfg = Release|Any CPU
		{CC5C3139-853E-48F8-94D9-A7D4B913530E}.Release|Any CPU.Build.0 = Release|Any CPU
		{F6C6439E-0AD2-492A-97D9-AAEE1E1C8A77}.Debug|Any CPU.ActiveCfg = Debug|Any CPU
		{F6C6439E-0AD2-492A-97D9-AAEE1E1C8A77}.Debug|Any CPU.Build.0 = Debug|Any CPU
		{F6C6439E-0AD2-492A-97D9-AAEE1E1C8A77}.Release|Any CPU.ActiveCfg = Release|Any CPU
		{F6C6439E-0AD2-492A-97D9-AAEE1E1C8A77}.Release|Any CPU.Build.0 = Release|Any CPU
		{29DC89D7-1F7D-4D4A-A0AF-466AB8A4902F}.Debug|Any CPU.ActiveCfg = Debug|Any CPU
		{29DC89D7-1F7D-4D4A-A0AF-466AB8A4902F}.Debug|Any CPU.Build.0 = Debug|Any CPU
		{29DC89D7-1F7D-4D4A-A0AF-466AB8A4902F}.Release|Any CPU.ActiveCfg = Release|Any CPU
		{29DC89D7-1F7D-4D4A-A0AF-466AB8A4902F}.Release|Any CPU.Build.0 = Release|Any CPU
		{EEC4B144-A0D0-4CBA-A339-DFF46834734B}.Debug|Any CPU.ActiveCfg = Debug|Any CPU
		{EEC4B144-A0D0-4CBA-A339-DFF46834734B}.Debug|Any CPU.Build.0 = Debug|Any CPU
		{EEC4B144-A0D0-4CBA-A339-DFF46834734B}.Release|Any CPU.ActiveCfg = Release|Any CPU
		{EEC4B144-A0D0-4CBA-A339-DFF46834734B}.Release|Any CPU.Build.0 = Release|Any CPU
		{9F54171B-25B8-4C20-BE3C-D9F18A7B3DE2}.Debug|Any CPU.ActiveCfg = Debug|Any CPU
		{9F54171B-25B8-4C20-BE3C-D9F18A7B3DE2}.Debug|Any CPU.Build.0 = Debug|Any CPU
		{9F54171B-25B8-4C20-BE3C-D9F18A7B3DE2}.Release|Any CPU.ActiveCfg = Release|Any CPU
		{9F54171B-25B8-4C20-BE3C-D9F18A7B3DE2}.Release|Any CPU.Build.0 = Release|Any CPU
		{1A50A4CB-85A4-48B0-B0A2-9446F6EFF46C}.Debug|Any CPU.ActiveCfg = Debug|Any CPU
		{1A50A4CB-85A4-48B0-B0A2-9446F6EFF46C}.Debug|Any CPU.Build.0 = Debug|Any CPU
		{1A50A4CB-85A4-48B0-B0A2-9446F6EFF46C}.Release|Any CPU.ActiveCfg = Release|Any CPU
		{1A50A4CB-85A4-48B0-B0A2-9446F6EFF46C}.Release|Any CPU.Build.0 = Release|Any CPU
		{B1CF7769-202D-4937-AE0A-D8BD946E8D1B}.Debug|Any CPU.ActiveCfg = Debug|Any CPU
		{B1CF7769-202D-4937-AE0A-D8BD946E8D1B}.Debug|Any CPU.Build.0 = Debug|Any CPU
		{B1CF7769-202D-4937-AE0A-D8BD946E8D1B}.Release|Any CPU.ActiveCfg = Release|Any CPU
		{B1CF7769-202D-4937-AE0A-D8BD946E8D1B}.Release|Any CPU.Build.0 = Release|Any CPU
		{A50E4B86-DB3D-466A-BB95-D9A4D8AD3930}.Debug|Any CPU.ActiveCfg = Debug|Any CPU
		{A50E4B86-DB3D-466A-BB95-D9A4D8AD3930}.Debug|Any CPU.Build.0 = Debug|Any CPU
		{A50E4B86-DB3D-466A-BB95-D9A4D8AD3930}.Release|Any CPU.ActiveCfg = Release|Any CPU
		{A50E4B86-DB3D-466A-BB95-D9A4D8AD3930}.Release|Any CPU.Build.0 = Release|Any CPU
		{38709401-8B6F-42C6-9C20-F130DF0748F4}.Debug|Any CPU.ActiveCfg = Debug|Any CPU
		{38709401-8B6F-42C6-9C20-F130DF0748F4}.Debug|Any CPU.Build.0 = Debug|Any CPU
		{38709401-8B6F-42C6-9C20-F130DF0748F4}.Release|Any CPU.ActiveCfg = Release|Any CPU
		{38709401-8B6F-42C6-9C20-F130DF0748F4}.Release|Any CPU.Build.0 = Release|Any CPU
		{76FE093A-3FBF-4E9D-A12A-572189FD9417}.Debug|Any CPU.ActiveCfg = Debug|Any CPU
		{76FE093A-3FBF-4E9D-A12A-572189FD9417}.Debug|Any CPU.Build.0 = Debug|Any CPU
		{76FE093A-3FBF-4E9D-A12A-572189FD9417}.Release|Any CPU.ActiveCfg = Release|Any CPU
		{76FE093A-3FBF-4E9D-A12A-572189FD9417}.Release|Any CPU.Build.0 = Release|Any CPU
		{320A8099-299A-4596-B2CE-46F89584D0F8}.Debug|Any CPU.ActiveCfg = Debug|Any CPU
		{320A8099-299A-4596-B2CE-46F89584D0F8}.Debug|Any CPU.Build.0 = Debug|Any CPU
		{320A8099-299A-4596-B2CE-46F89584D0F8}.Release|Any CPU.ActiveCfg = Release|Any CPU
		{320A8099-299A-4596-B2CE-46F89584D0F8}.Release|Any CPU.Build.0 = Release|Any CPU
		{F58EA7FF-A46B-4023-A740-09D8A6179BFF}.Debug|Any CPU.ActiveCfg = Debug|Any CPU
		{F58EA7FF-A46B-4023-A740-09D8A6179BFF}.Debug|Any CPU.Build.0 = Debug|Any CPU
		{F58EA7FF-A46B-4023-A740-09D8A6179BFF}.Release|Any CPU.ActiveCfg = Release|Any CPU
		{F58EA7FF-A46B-4023-A740-09D8A6179BFF}.Release|Any CPU.Build.0 = Release|Any CPU
		{1230BF18-F3F1-476E-8264-1E2645D831D7}.Debug|Any CPU.ActiveCfg = Debug|Any CPU
		{1230BF18-F3F1-476E-8264-1E2645D831D7}.Debug|Any CPU.Build.0 = Debug|Any CPU
		{1230BF18-F3F1-476E-8264-1E2645D831D7}.Release|Any CPU.ActiveCfg = Release|Any CPU
		{1230BF18-F3F1-476E-8264-1E2645D831D7}.Release|Any CPU.Build.0 = Release|Any CPU
		{345F93E3-5D48-4CD4-B6B0-53D4646DCB7C}.Debug|Any CPU.ActiveCfg = Debug|Any CPU
		{345F93E3-5D48-4CD4-B6B0-53D4646DCB7C}.Debug|Any CPU.Build.0 = Debug|Any CPU
		{345F93E3-5D48-4CD4-B6B0-53D4646DCB7C}.Release|Any CPU.ActiveCfg = Release|Any CPU
		{345F93E3-5D48-4CD4-B6B0-53D4646DCB7C}.Release|Any CPU.Build.0 = Release|Any CPU
		{3764802F-67E2-4991-9FF5-EFD7B38EAEF3}.Debug|Any CPU.ActiveCfg = Debug|Any CPU
		{3764802F-67E2-4991-9FF5-EFD7B38EAEF3}.Debug|Any CPU.Build.0 = Debug|Any CPU
		{3764802F-67E2-4991-9FF5-EFD7B38EAEF3}.Release|Any CPU.ActiveCfg = Release|Any CPU
		{3764802F-67E2-4991-9FF5-EFD7B38EAEF3}.Release|Any CPU.Build.0 = Release|Any CPU
		{A6E86467-9B59-46BA-B8BD-81AB8F248904}.Debug|Any CPU.ActiveCfg = Debug|Any CPU
		{A6E86467-9B59-46BA-B8BD-81AB8F248904}.Debug|Any CPU.Build.0 = Debug|Any CPU
		{A6E86467-9B59-46BA-B8BD-81AB8F248904}.Release|Any CPU.ActiveCfg = Release|Any CPU
		{A6E86467-9B59-46BA-B8BD-81AB8F248904}.Release|Any CPU.Build.0 = Release|Any CPU
		{765ECED1-252C-42EE-A80C-CC316E532431}.Debug|Any CPU.ActiveCfg = Debug|Any CPU
		{765ECED1-252C-42EE-A80C-CC316E532431}.Debug|Any CPU.Build.0 = Debug|Any CPU
		{765ECED1-252C-42EE-A80C-CC316E532431}.Release|Any CPU.ActiveCfg = Release|Any CPU
		{765ECED1-252C-42EE-A80C-CC316E532431}.Release|Any CPU.Build.0 = Release|Any CPU
		{B2F33B72-841B-43EC-9DDE-C3D81178E193}.Debug|Any CPU.ActiveCfg = Debug|Any CPU
		{B2F33B72-841B-43EC-9DDE-C3D81178E193}.Debug|Any CPU.Build.0 = Debug|Any CPU
		{B2F33B72-841B-43EC-9DDE-C3D81178E193}.Release|Any CPU.ActiveCfg = Release|Any CPU
		{B2F33B72-841B-43EC-9DDE-C3D81178E193}.Release|Any CPU.Build.0 = Release|Any CPU
		{770D125E-8B52-4F7E-AD03-E7DF8E1C4657}.Debug|Any CPU.ActiveCfg = Debug|Any CPU
		{770D125E-8B52-4F7E-AD03-E7DF8E1C4657}.Debug|Any CPU.Build.0 = Debug|Any CPU
		{770D125E-8B52-4F7E-AD03-E7DF8E1C4657}.Release|Any CPU.ActiveCfg = Release|Any CPU
		{770D125E-8B52-4F7E-AD03-E7DF8E1C4657}.Release|Any CPU.Build.0 = Release|Any CPU
	EndGlobalSection
	GlobalSection(SolutionProperties) = preSolution
		HideSolutionNode = FALSE
	EndGlobalSection
	GlobalSection(ExtensibilityGlobals) = postSolution
		SolutionGuid = {6817CD6D-5415-4A02-A066-43CAA79DB5E0}
	EndGlobalSection
EndGlobal
